{
  "name": "NirgunaLang",
  "lockfileVersion": 2,
  "requires": true,
  "packages": {
    "": {
      "dependencies": {
        "queue": "^7.0.0",
        "xregexp": "^5.1.1"
      },
      "devDependencies": {
        "@types/node": "^18.16.3"
      }
    },
    "node_modules/@babel/runtime-corejs3": {
      "version": "7.21.5",
      "resolved": "https://registry.npmjs.org/@babel/runtime-corejs3/-/runtime-corejs3-7.21.5.tgz",
      "integrity": "sha512-FRqFlFKNazWYykft5zvzuEl1YyTDGsIRrjV9rvxvYkUC7W/ueBng1X68Xd6uRMzAaJ0xMKn08/wem5YS1lpX8w==",
      "dependencies": {
        "core-js-pure": "^3.25.1",
        "regenerator-runtime": "^0.13.11"
      },
      "engines": {
        "node": ">=6.9.0"
      }
    },
    "node_modules/@types/node": {
      "version": "18.16.3",
      "resolved": "https://registry.npmjs.org/@types/node/-/node-18.16.3.tgz",
      "integrity": "sha512-OPs5WnnT1xkCBiuQrZA4+YAV4HEJejmHneyraIaxsbev5yCEr6KMwINNFP9wQeFIw8FWcoTqF3vQsa5CDaI+8Q==",
      "dev": true
    },
    "node_modules/core-js-pure": {
      "version": "3.30.1",
      "resolved": "https://registry.npmjs.org/core-js-pure/-/core-js-pure-3.30.1.tgz",
      "integrity": "sha512-nXBEVpmUnNRhz83cHd9JRQC52cTMcuXAmR56+9dSMpRdpeA4I1PX6yjmhd71Eyc/wXNsdBdUDIj1QTIeZpU5Tg==",
      "hasInstallScript": true,
      "funding": {
        "type": "opencollective",
        "url": "https://opencollective.com/core-js"
      }
    },
    "node_modules/queue": {
      "version": "7.0.0",
      "resolved": "https://registry.npmjs.org/queue/-/queue-7.0.0.tgz",
      "integrity": "sha512-sphwS7HdfQnvrJAXUNAUgpf9H/546IE3p/5Lf2jr71O4udEYlqAhkevykumas2FYuMkX/29JMOgrRdRoYZ/X9w=="
    },
    "node_modules/regenerator-runtime": {
      "version": "0.13.11",
      "resolved": "https://registry.npmjs.org/regenerator-runtime/-/regenerator-runtime-0.13.11.tgz",
      "integrity": "sha512-kY1AZVr2Ra+t+piVaJ4gxaFaReZVH40AKNo7UCX6W+dEwBo/2oZJzqfuN1qLq1oL45o56cPaTXELwrTh8Fpggg=="
    },
    "node_modules/xregexp": {
      "version": "5.1.1",
      "resolved": "https://registry.npmjs.org/xregexp/-/xregexp-5.1.1.tgz",
      "integrity": "sha512-fKXeVorD+CzWvFs7VBuKTYIW63YD1e1osxwQ8caZ6o1jg6pDAbABDG54LCIq0j5cy7PjRvGIq6sef9DYPXpncg==",
      "dependencies": {
        "@babel/runtime-corejs3": "^7.16.5"
      }
    }
  },
  "dependencies": {
    "@babel/runtime-corejs3": {
      "version": "7.21.5",
      "resolved": "https://registry.npmjs.org/@babel/runtime-corejs3/-/runtime-corejs3-7.21.5.tgz",
      "integrity": "sha512-FRqFlFKNazWYykft5zvzuEl1YyTDGsIRrjV9rvxvYkUC7W/ueBng1X68Xd6uRMzAaJ0xMKn08/wem5YS1lpX8w==",
      "requires": {
        "core-js-pure": "^3.25.1",
        "regenerator-runtime": "^0.13.11"
      }
    },
    "@types/node": {
      "version": "18.16.3",
      "resolved": "https://registry.npmjs.org/@types/node/-/node-18.16.3.tgz",
      "integrity": "sha512-OPs5WnnT1xkCBiuQrZA4+YAV4HEJejmHneyraIaxsbev5yCEr6KMwINNFP9wQeFIw8FWcoTqF3vQsa5CDaI+8Q==",
      "dev": true
    },
    "core-js-pure": {
      "version": "3.30.1",
      "resolved": "https://registry.npmjs.org/core-js-pure/-/core-js-pure-3.30.1.tgz",
      "integrity": "sha512-nXBEVpmUnNRhz83cHd9JRQC52cTMcuXAmR56+9dSMpRdpeA4I1PX6yjmhd71Eyc/wXNsdBdUDIj1QTIeZpU5Tg=="
    },
    "queue": {
      "version": "7.0.0",
      "resolved": "https://registry.npmjs.org/queue/-/queue-7.0.0.tgz",
      "integrity": "sha512-sphwS7HdfQnvrJAXUNAUgpf9H/546IE3p/5Lf2jr71O4udEYlqAhkevykumas2FYuMkX/29JMOgrRdRoYZ/X9w=="
    },
    "regenerator-runtime": {
      "version": "0.13.11",
      "resolved": "https://registry.npmjs.org/regenerator-runtime/-/regenerator-runtime-0.13.11.tgz",
      "integrity": "sha512-kY1AZVr2Ra+t+piVaJ4gxaFaReZVH40AKNo7UCX6W+dEwBo/2oZJzqfuN1qLq1oL45o56cPaTXELwrTh8Fpggg=="
    },
    "xregexp": {
      "version": "5.1.1",
      "resolved": "https://registry.npmjs.org/xregexp/-/xregexp-5.1.1.tgz",
      "integrity": "sha512-fKXeVorD+CzWvFs7VBuKTYIW63YD1e1osxwQ8caZ6o1jg6pDAbABDG54LCIq0j5cy7PjRvGIq6sef9DYPXpncg==",
      "requires": {
        "@babel/runtime-corejs3": "^7.16.5"
      }
    }
  }
}
